{
  "version": "5",
  "specifiers": {
    "jsr:@supabase/supabase-js@2": "2.112.4"
  },
  "jsr": {
    "@supabase/supabase-js@2.112.4": {
      "integrity": "f20220bf7de53d493d2f01aa269132b660572ba407e7de68f1b43422b9e8002a"
    }
  },
  "workspace": {
    "packageJson": {
      "dependencies": [
        "npm:@expo-google-fonts/newsreader@~0.4.1",
        "npm:@expo-google-fonts/plus-jakarta-sans@~0.4.2",
        "npm:@expo/vector-icons@^15.0.3",
        "npm:@react-native-async-storage/async-storage@2.2.0",
        "npm:@react-navigation/bottom-tabs@^7.4.0",
        "npm:@react-navigation/elements@^2.6.3",
        "npm:@react-navigation/native@^7.1.8",
        "npm:@supabase/supabase-js@^2.112.4",
        "npm:@types/jest@^29.5.14",
        "npm:@types/react@19.1",
        "npm:babel-preset-expo@~54.0.10",
        "npm:eslint-config-expo@10.0",
        "npm:eslint@^9.25.0",
        "npm:expo-camera@~17.0.10",
        "npm:expo-constants@~18.0.13",
        "npm:expo-font@~14.0.12",
        "npm:expo-haptics@~15.0.8",
        "npm:expo-image@~3.0.11",
        "npm:expo-linking@~8.0.12",
        "npm:expo-router@~6.0.24",
        "npm:expo-splash-screen@~31.0.13",
        "npm:expo-status-bar@~3.0.9",
        "npm:expo-symbols@~1.0.8",
        "npm:expo-system-ui@~6.0.9",
        "npm:expo-web-browser@~15.0.11",
        "npm:expo@~54.0.36",
        "npm:jest-expo@~54.0.18",
        "npm:jest@29.7",
        "npm:nativewind@^4.2.6",
        "npm:prettier-plugin-tailwindcss@~0.8.1",
        "npm:react-dom@19.1.0",
        "npm:react-native-gesture-handler@2.28",
        "npm:react-native-reanimated@~4.1.1",
        "npm:react-native-safe-area-context@5.6",
        "npm:react-native-screens@4.16",
        "npm:react-native-svg@15.12.1",
        "npm:react-native-web@0.21",
        "npm:react-native-worklets@0.5.1",
        "npm:react-native@0.81.5",
        "npm:react@19.1.0",
        "npm:tailwindcss@^3.4.19",
        "npm:typescript@~5.9.2",
        "npm:zustand@^5.0.15"
      ]
    }
  }
}
